
Microsoft Visual Studio Solution File, Format Version 12.00
# Visual Studio Version 17
VisualStudioVersion = 17.3.32819.101
MinimumVisualStudioVersion = 10.0.40219.1
Project("{FAE04EC0-301F-11D3-BF4B-00C04F79EFBC}") = "ServiceBusApp.ProducesApi", "ServiceBusApp.ProducesApi\ServiceBusApp.ProducesApi.csproj", "{3FEBEEE7-C82E-44C3-8546-77A3FC8CDA95}"
EndProject
Project("{FAE04EC0-301F-11D3-BF4B-00C04F79EFBC}") = "ServiceBusApp.Models", "ServiceBusApp.Models\ServiceBusApp.Models.csproj", "{A6186BD0-9E81-4745-BFFF-63339A8CACB8}"
EndProject
Project("{FAE04EC0-301F-11D3-BF4B-00C04F79EFBC}") = "ServiceBusApp.Consumer", "ServiceBusApp.Consumer\ServiceBusApp.Consumer.csproj", "{07B4308D-3F09-46B1-B4A9-48F388A8EA25}"
EndProject
Global
	GlobalSection(SolutionConfigurationPlatforms) = preSolution
		Debug|Any CPU = Debug|Any CPU
		Release|Any CPU = Release|Any CPU
	EndGlobalSection
	GlobalSection(ProjectConfigurationPlatforms) = postSolution
		{3FEBEEE7-C82E-44C3-8546-77A3FC8CDA95}.Debug|Any CPU.ActiveCfg = Debug|Any CPU
		{3FEBEEE7-C82E-44C3-8546-77A3FC8CDA95}.Debug|Any CPU.Build.0 = Debug|Any CPU
		{3FEBEEE7-C82E-44C3-8546-77A3FC8CDA95}.Release|Any CPU.ActiveCfg = Release|Any CPU
		{3FEBEEE7-C82E-44C3-8546-77A3FC8CDA95}.Release|Any CPU.Build.0 = Release|Any CPU
		{A6186BD0-9E81-4745-BFFF-63339A8CACB8}.Debug|Any CPU.ActiveCfg = Debug|Any CPU
		{A6186BD0-9E81-4745-BFFF-63339A8CACB8}.Debug|Any CPU.Build.0 = Debug|Any CPU
		{A6186BD0-9E81-4745-BFFF-63339A8CACB8}.Release|Any CPU.ActiveCfg = Release|Any CPU
		{A6186BD0-9E81-4745-BFFF-63339A8CACB8}.Release|Any CPU.Build.0 = Release|Any CPU
		{07B4308D-3F09-46B1-B4A9-48F388A8EA25}.Debug|Any CPU.ActiveCfg = Debug|Any CPU
		{07B4308D-3F09-46B1-B4A9-48F388A8EA25}.Debug|Any CPU.Build.0 = Debug|Any CPU
		{07B4308D-3F09-46B1-B4A9-48F388A8EA25}.Release|Any CPU.ActiveCfg = Release|Any CPU
		{07B4308D-3F09-46B1-B4A9-48F388A8EA25}.Release|Any CPU.Build.0 = Release|Any CPU
	EndGlobalSection
	GlobalSection(SolutionProperties) = preSolution
		HideSolutionNode = FALSE
	EndGlobalSection
	GlobalSection(ExtensibilityGlobals) = postSolution
		SolutionGuid = {A09797E4-A3E9-44D1-9DD3-350ABCD99D21}
	EndGlobalSection
EndGlobal
